
Microsoft Visual Studio Solution File, Format Version 12.00
# Visual Studio Version 17
VisualStudioVersion = 17.8.34525.116
MinimumVisualStudioVersion = 10.0.40219.1
Project("{FAE04EC0-301F-11D3-BF4B-00C04F79EFBC}") = "Day3", "Day3.csproj", "{7A64A037-A22B-4302-A17A-B85F8901529D}"
EndProject
Global
	GlobalSection(SolutionConfigurationPlatforms) = preSolution
		Debug|Any CPU = Debug|Any CPU
		Release|Any CPU = Release|Any CPU
	EndGlobalSection
	GlobalSection(ProjectConfigurationPlatforms) = postSolution
		{7A64A037-A22B-4302-A17A-B85F8901529D}.Debug|Any CPU.ActiveCfg = Debug|Any CPU
		{7A64A037-A22B-4302-A17A-B85F8901529D}.Debug|Any CPU.Build.0 = Debug|Any CPU
		{7A64A037-A22B-4302-A17A-B85F8901529D}.Release|Any CPU.ActiveCfg = Release|Any CPU
		{7A64A037-A22B-4302-A17A-B85F8901529D}.Release|Any CPU.Build.0 = Release|Any CPU
	EndGlobalSection
	GlobalSection(SolutionProperties) = preSolution
		HideSolutionNode = FALSE
	EndGlobalSection
	GlobalSection(ExtensibilityGlobals) = postSolution
		SolutionGuid = {DADE8AD3-BF05-4B24-818D-4CEE24EB3F4D}
	EndGlobalSection
EndGlobal
