
Microsoft Visual Studio Solution File, Format Version 12.00
# Visual Studio Version 17
VisualStudioVersion = 17.14.36717.8 d17.14
MinimumVisualStudioVersion = 10.0.40219.1
Project("{FAE04EC0-301F-11D3-BF4B-00C04F79EFBC}") = "Day7", "Day7.csproj", "{DE8771A3-2C47-48A0-8DDB-2818FD6D96C2}"
EndProject
Global
	GlobalSection(SolutionConfigurationPlatforms) = preSolution
		Debug|Any CPU = Debug|Any CPU
		Release|Any CPU = Release|Any CPU
	EndGlobalSection
	GlobalSection(ProjectConfigurationPlatforms) = postSolution
		{DE8771A3-2C47-48A0-8DDB-2818FD6D96C2}.Debug|Any CPU.ActiveCfg = Debug|Any CPU
		{DE8771A3-2C47-48A0-8DDB-2818FD6D96C2}.Debug|Any CPU.Build.0 = Debug|Any CPU
		{DE8771A3-2C47-48A0-8DDB-2818FD6D96C2}.Release|Any CPU.ActiveCfg = Release|Any CPU
		{DE8771A3-2C47-48A0-8DDB-2818FD6D96C2}.Release|Any CPU.Build.0 = Release|Any CPU
	EndGlobalSection
	GlobalSection(SolutionProperties) = preSolution
		HideSolutionNode = FALSE
	EndGlobalSection
	GlobalSection(ExtensibilityGlobals) = postSolution
		SolutionGuid = {62486DA6-259A-446F-87E5-6E6E8331A803}
	EndGlobalSection
EndGlobal
